
Microsoft Visual Studio Solution File, Format Version 12.00
# Visual Studio Version 16
VisualStudioVersion = 16.0.31410.357
MinimumVisualStudioVersion = 10.0.40219.1
Project("{FAE04EC0-301F-11D3-BF4B-00C04F79EFBC}") = "ElibraryManagement", "ElibraryManagement.csproj", "{E167B317-583E-4D7A-ACC3-1E77C0E0DA73}"
EndProject
Global
	GlobalSection(SolutionConfigurationPlatforms) = preSolution
		Debug|Any CPU = Debug|Any CPU
		Release|Any CPU = Release|Any CPU
	EndGlobalSection
	GlobalSection(ProjectConfigurationPlatforms) = postSolution
		{E167B317-583E-4D7A-ACC3-1E77C0E0DA73}.Debug|Any CPU.ActiveCfg = Debug|Any CPU
		{E167B317-583E-4D7A-ACC3-1E77C0E0DA73}.Debug|Any CPU.Build.0 = Debug|Any CPU
		{E167B317-583E-4D7A-ACC3-1E77C0E0DA73}.Release|Any CPU.ActiveCfg = Release|Any CPU
		{E167B317-583E-4D7A-ACC3-1E77C0E0DA73}.Release|Any CPU.Build.0 = Release|Any CPU
	EndGlobalSection
	GlobalSection(SolutionProperties) = preSolution
		HideSolutionNode = FALSE
	EndGlobalSection
	GlobalSection(ExtensibilityGlobals) = postSolution
		SolutionGuid = {6A3B2520-CD3D-4F23-B37A-6FEB93AA2B14}
	EndGlobalSection
EndGlobal
